
Microsoft Visual Studio Solution File, Format Version 12.00
# Visual Studio Version 16
VisualStudioVersion = 16.0.31005.135
MinimumVisualStudioVersion = 10.0.40219.1
Project("{9A19103F-16F7-4668-BE54-9A1E7A4F7556}") = "tradeofexile", "tradeofexile\tradeofexile.csproj", "{9A687EB3-C271-47D9-9EAF-6ABE44778EE6}"
EndProject
Project("{9A19103F-16F7-4668-BE54-9A1E7A4F7556}") = "tradeofexile.models", "tradeofexile.models\tradeofexile.models.csproj", "{BC70F194-7C6E-422B-8AE5-813E35C66FC4}"
EndProject
Project("{9A19103F-16F7-4668-BE54-9A1E7A4F7556}") = "tradeofexile.persistance", "tradeofexile.persistance\tradeofexile.persistance.csproj", "{E0EB6F02-2354-4F84-985E-53B970DF9D0E}"
EndProject
Project("{9A19103F-16F7-4668-BE54-9A1E7A4F7556}") = "tradeofexile.application", "tradeofexile.application\tradeofexile.application.csproj", "{45D5A1B6-3AF7-4946-AE0C-39683DBCBD7A}"
EndProject
Global
	GlobalSection(SolutionConfigurationPlatforms) = preSolution
		Debug|Any CPU = Debug|Any CPU
		Release|Any CPU = Release|Any CPU
	EndGlobalSection
	GlobalSection(ProjectConfigurationPlatforms) = postSolution
		{9A687EB3-C271-47D9-9EAF-6ABE44778EE6}.Debug|Any CPU.ActiveCfg = Debug|Any CPU
		{9A687EB3-C271-47D9-9EAF-6ABE44778EE6}.Debug|Any CPU.Build.0 = Debug|Any CPU
		{9A687EB3-C271-47D9-9EAF-6ABE44778EE6}.Release|Any CPU.ActiveCfg = Release|Any CPU
		{9A687EB3-C271-47D9-9EAF-6ABE44778EE6}.Release|Any CPU.Build.0 = Release|Any CPU
		{BC70F194-7C6E-422B-8AE5-813E35C66FC4}.Debug|Any CPU.ActiveCfg = Debug|Any CPU
		{BC70F194-7C6E-422B-8AE5-813E35C66FC4}.Debug|Any CPU.Build.0 = Debug|Any CPU
		{BC70F194-7C6E-422B-8AE5-813E35C66FC4}.Release|Any CPU.ActiveCfg = Release|Any CPU
		{BC70F194-7C6E-422B-8AE5-813E35C66FC4}.Release|Any CPU.Build.0 = Release|Any CPU
		{E0EB6F02-2354-4F84-985E-53B970DF9D0E}.Debug|Any CPU.ActiveCfg = Debug|Any CPU
		{E0EB6F02-2354-4F84-985E-53B970DF9D0E}.Debug|Any CPU.Build.0 = Debug|Any CPU
		{E0EB6F02-2354-4F84-985E-53B970DF9D0E}.Release|Any CPU.ActiveCfg = Release|Any CPU
		{E0EB6F02-2354-4F84-985E-53B970DF9D0E}.Release|Any CPU.Build.0 = Release|Any CPU
		{45D5A1B6-3AF7-4946-AE0C-39683DBCBD7A}.Debug|Any CPU.ActiveCfg = Debug|Any CPU
		{45D5A1B6-3AF7-4946-AE0C-39683DBCBD7A}.Debug|Any CPU.Build.0 = Debug|Any CPU
		{45D5A1B6-3AF7-4946-AE0C-39683DBCBD7A}.Release|Any CPU.ActiveCfg = Release|Any CPU
		{45D5A1B6-3AF7-4946-AE0C-39683DBCBD7A}.Release|Any CPU.Build.0 = Release|Any CPU
	EndGlobalSection
	GlobalSection(SolutionProperties) = preSolution
		HideSolutionNode = FALSE
	EndGlobalSection
	GlobalSection(ExtensibilityGlobals) = postSolution
		SolutionGuid = {75B6D264-24A3-45CD-A5A5-2B352A4E9467}
	EndGlobalSection
EndGlobal
